// !$*UTF8*$!
{
	archiveVersion = 1;
	classes = {
	};
	objectVersion = 56;
	objects = {

/* Begin PBXBuildFile section */
		DA10F56529F8D3E7006CEB41 /* UserManager.swift in Sources */ = {isa = PBXBuildFile; fileRef = DA10F56429F8D3E7006CEB41 /* UserManager.swift */; };
		DA10F56829F96857006CEB41 /* FirebaseAnalytics in Frameworks */ = {isa = PBXBuildFile; productRef = DA10F56729F96857006CEB41 /* FirebaseAnalytics */; };
		DA10F56A29F96857006CEB41 /* FirebaseAnalyticsSwift in Frameworks */ = {isa = PBXBuildFile; productRef = DA10F56929F96857006CEB41 /* FirebaseAnalyticsSwift */; };
		DA10F56C29F96938006CEB41 /* AuthenticationView.swift in Sources */ = {isa = PBXBuildFile; fileRef = DA10F56B29F96938006CEB41 /* AuthenticationView.swift */; };
		DA10F56F29F97654006CEB41 /* AuthenticationManager.swift in Sources */ = {isa = PBXBuildFile; fileRef = DA10F56E29F97654006CEB41 /* AuthenticationManager.swift */; };
		DA10F57129F98239006CEB41 /* SignInWithGoogle.swift in Sources */ = {isa = PBXBuildFile; fileRef = DA10F57029F98239006CEB41 /* SignInWithGoogle.swift */; };
		DA10F57329F9871A006CEB41 /* Utilities.swift in Sources */ = {isa = PBXBuildFile; fileRef = DA10F57229F9871A006CEB41 /* Utilities.swift */; };
		DA10F57529F98807006CEB41 /* ProfileViewModel.swift in Sources */ = {isa = PBXBuildFile; fileRef = DA10F57429F98807006CEB41 /* ProfileViewModel.swift */; };
		DA10F57729F988BF006CEB41 /* RootView.swift in Sources */ = {isa = PBXBuildFile; fileRef = DA10F57629F988BF006CEB41 /* RootView.swift */; };
		DA10F57929F98AD5006CEB41 /* StorageManager.swift in Sources */ = {isa = PBXBuildFile; fileRef = DA10F57829F98AD5006CEB41 /* StorageManager.swift */; };
		DA10F57B29F98B77006CEB41 /* EditProfileView.swift in Sources */ = {isa = PBXBuildFile; fileRef = DA10F57A29F98B77006CEB41 /* EditProfileView.swift */; };
		DA10F57F29F9CE0A006CEB41 /* GoogleService-Info.plist in Resources */ = {isa = PBXBuildFile; fileRef = DA10F57E29F9CE0A006CEB41 /* GoogleService-Info.plist */; };
		DA3857E429F8219A00C24612 /* Messenger.swift in Sources */ = {isa = PBXBuildFile; fileRef = DA3857E329F8219A00C24612 /* Messenger.swift */; };
		DA3857E629F8220200C24612 /* MenuItem.swift in Sources */ = {isa = PBXBuildFile; fileRef = DA3857E529F8220200C24612 /* MenuItem.swift */; };
		DA53222529F5E1D200A51CD6 /* TitleRow.swift in Sources */ = {isa = PBXBuildFile; fileRef = DA53222429F5E1D200A51CD6 /* TitleRow.swift */; };
		DA53222729F5E1E300A51CD6 /* MessageBubble.swift in Sources */ = {isa = PBXBuildFile; fileRef = DA53222629F5E1E300A51CD6 /* MessageBubble.swift */; };
		DA53222929F5E1F100A51CD6 /* MessageField.swift in Sources */ = {isa = PBXBuildFile; fileRef = DA53222829F5E1F100A51CD6 /* MessageField.swift */; };
		DA53222B29F5E23000A51CD6 /* Message.swift in Sources */ = {isa = PBXBuildFile; fileRef = DA53222A29F5E23000A51CD6 /* Message.swift */; };
		DA53222D29F5E26100A51CD6 /* MessageViewModel.swift in Sources */ = {isa = PBXBuildFile; fileRef = DA53222C29F5E26100A51CD6 /* MessageViewModel.swift */; };
		DA53222F29F5E32D00A51CD6 /* MessengerDetailView.swift in Sources */ = {isa = PBXBuildFile; fileRef = DA53222E29F5E32D00A51CD6 /* MessengerDetailView.swift */; };
		DA53223129F5E94300A51CD6 /* MessengerListView.swift in Sources */ = {isa = PBXBuildFile; fileRef = DA53223029F5E94300A51CD6 /* MessengerListView.swift */; };
		DA53223529F5EEF400A51CD6 /* MessengerViewModel.swift in Sources */ = {isa = PBXBuildFile; fileRef = DA53223429F5EEF400A51CD6 /* MessengerViewModel.swift */; };
		DA53223729F6408F00A51CD6 /* WebView.swift in Sources */ = {isa = PBXBuildFile; fileRef = DA53223629F6408F00A51CD6 /* WebView.swift */; };
		DA5FEA8C29F0C7B400E13693 /* TapPlease_App.swift in Sources */ = {isa = PBXBuildFile; fileRef = DA5FEA8B29F0C7B400E13693 /* TapPlease_App.swift */; };
		DA5FEA8E29F0C7B400E13693 /* EmailSignInView.swift in Sources */ = {isa = PBXBuildFile; fileRef = DA5FEA8D29F0C7B400E13693 /* EmailSignInView.swift */; };
		DA5FEA9029F0C7B500E13693 /* Assets.xcassets in Resources */ = {isa = PBXBuildFile; fileRef = DA5FEA8F29F0C7B500E13693 /* Assets.xcassets */; };
		DA5FEA9329F0C7B500E13693 /* Preview Assets.xcassets in Resources */ = {isa = PBXBuildFile; fileRef = DA5FEA9229F0C7B500E13693 /* Preview Assets.xcassets */; };
		DA5FEA9B29F0C9AB00E13693 /* FirebaseAuth in Frameworks */ = {isa = PBXBuildFile; productRef = DA5FEA9A29F0C9AB00E13693 /* FirebaseAuth */; };
		DA5FEA9D29F0C9AB00E13693 /* FirebaseFirestore in Frameworks */ = {isa = PBXBuildFile; productRef = DA5FEA9C29F0C9AB00E13693 /* FirebaseFirestore */; };
		DA5FEA9F29F0C9AB00E13693 /* FirebaseFirestoreSwift in Frameworks */ = {isa = PBXBuildFile; productRef = DA5FEA9E29F0C9AB00E13693 /* FirebaseFirestoreSwift */; };
		DA5FEAA229F0C9FC00E13693 /* GoogleSignIn in Frameworks */ = {isa = PBXBuildFile; productRef = DA5FEAA129F0C9FC00E13693 /* GoogleSignIn */; };
		DA5FEAA429F0C9FC00E13693 /* GoogleSignInSwift in Frameworks */ = {isa = PBXBuildFile; productRef = DA5FEAA329F0C9FC00E13693 /* GoogleSignInSwift */; };
		DA5FEAAB29F0CA7500E13693 /* Photo.swift in Sources */ = {isa = PBXBuildFile; fileRef = DA5FEAAA29F0CA7500E13693 /* Photo.swift */; };
		DA5FEAAD29F0CA7F00E13693 /* Review.swift in Sources */ = {isa = PBXBuildFile; fileRef = DA5FEAAC29F0CA7F00E13693 /* Review.swift */; };
		DA5FEAAF29F0CA9200E13693 /* MenuItemViewModel.swift in Sources */ = {isa = PBXBuildFile; fileRef = DA5FEAAE29F0CA9200E13693 /* MenuItemViewModel.swift */; };
		DA5FEAB129F0CAA100E13693 /* ReviewViewModel.swift in Sources */ = {isa = PBXBuildFile; fileRef = DA5FEAB029F0CAA100E13693 /* ReviewViewModel.swift */; };
		DA5FEAB329F0CAB600E13693 /* MenuItemListView.swift in Sources */ = {isa = PBXBuildFile; fileRef = DA5FEAB229F0CAB600E13693 /* MenuItemListView.swift */; };
		DA5FEAB529F0CAD500E13693 /* MenuItemDetailView.swift in Sources */ = {isa = PBXBuildFile; fileRef = DA5FEAB429F0CAD500E13693 /* MenuItemDetailView.swift */; };
		DA5FEAB729F0CAE900E13693 /* ReviewView.swift in Sources */ = {isa = PBXBuildFile; fileRef = DA5FEAB629F0CAE900E13693 /* ReviewView.swift */; };
		DA5FEAB929F0CAF900E13693 /* StarsSelectionView.swift in Sources */ = {isa = PBXBuildFile; fileRef = DA5FEAB829F0CAF900E13693 /* StarsSelectionView.swift */; };
		DA5FEABB29F0CB2100E13693 /* ReviewRowView.swift in Sources */ = {isa = PBXBuildFile; fileRef = DA5FEABA29F0CB2100E13693 /* ReviewRowView.swift */; };
		DA5FEABE29F0CD3700E13693 /* FirebaseStorage in Frameworks */ = {isa = PBXBuildFile; productRef = DA5FEABD29F0CD3700E13693 /* FirebaseStorage */; };
		DA5FEAC329F0D37E00E13693 /* HomeView.swift in Sources */ = {isa = PBXBuildFile; fileRef = DA5FEAC229F0D37E00E13693 /* HomeView.swift */; };
		DA5FEAC529F0DA8000E13693 /* MealRequest.swift in Sources */ = {isa = PBXBuildFile; fileRef = DA5FEAC429F0DA8000E13693 /* MealRequest.swift */; };
		DA5FEAC729F0DC6800E13693 /* MealRequestListView.swift in Sources */ = {isa = PBXBuildFile; fileRef = DA5FEAC629F0DC6800E13693 /* MealRequestListView.swift */; };
		DA5FEAC929F0DCD600E13693 /* MealRequestViewModel.swift in Sources */ = {isa = PBXBuildFile; fileRef = DA5FEAC829F0DCD600E13693 /* MealRequestViewModel.swift */; };
		DA5FEACB29F0DEED00E13693 /* MealRequestDetailView.swift in Sources */ = {isa = PBXBuildFile; fileRef = DA5FEACA29F0DEED00E13693 /* MealRequestDetailView.swift */; };
		DA80354529F73448007C3A09 /* ProfileView.swift in Sources */ = {isa = PBXBuildFile; fileRef = DA80354429F73448007C3A09 /* ProfileView.swift */; };
/* End PBXBuildFile section */

/* Begin PBXFileReference section */
		DA10F56429F8D3E7006CEB41 /* UserManager.swift */ = {isa = PBXFileReference; lastKnownFileType = sourcecode.swift; path = UserManager.swift; sourceTree = "<group>"; };
		DA10F56B29F96938006CEB41 /* AuthenticationView.swift */ = {isa = PBXFileReference; lastKnownFileType = sourcecode.swift; path = AuthenticationView.swift; sourceTree = "<group>"; };
		DA10F56E29F97654006CEB41 /* AuthenticationManager.swift */ = {isa = PBXFileReference; lastKnownFileType = sourcecode.swift; path = AuthenticationManager.swift; sourceTree = "<group>"; };
		DA10F57029F98239006CEB41 /* SignInWithGoogle.swift */ = {isa = PBXFileReference; lastKnownFileType = sourcecode.swift; path = SignInWithGoogle.swift; sourceTree = "<group>"; };
		DA10F57229F9871A006CEB41 /* Utilities.swift */ = {isa = PBXFileReference; lastKnownFileType = sourcecode.swift; path = Utilities.swift; sourceTree = "<group>"; };
		DA10F57429F98807006CEB41 /* ProfileViewModel.swift */ = {isa = PBXFileReference; lastKnownFileType = sourcecode.swift; path = ProfileViewModel.swift; sourceTree = "<group>"; };
		DA10F57629F988BF006CEB41 /* RootView.swift */ = {isa = PBXFileReference; lastKnownFileType = sourcecode.swift; path = RootView.swift; sourceTree = "<group>"; };
		DA10F57829F98AD5006CEB41 /* StorageManager.swift */ = {isa = PBXFileReference; lastKnownFileType = sourcecode.swift; path = StorageManager.swift; sourceTree = "<group>"; };
		DA10F57A29F98B77006CEB41 /* EditProfileView.swift */ = {isa = PBXFileReference; lastKnownFileType = sourcecode.swift; path = EditProfileView.swift; sourceTree = "<group>"; };
		DA10F57E29F9CE0A006CEB41 /* GoogleService-Info.plist */ = {isa = PBXFileReference; fileEncoding = 4; lastKnownFileType = text.plist.xml; path = "GoogleService-Info.plist"; sourceTree = "<group>"; };
		DA3857E329F8219A00C24612 /* Messenger.swift */ = {isa = PBXFileReference; lastKnownFileType = sourcecode.swift; path = Messenger.swift; sourceTree = "<group>"; };
		DA3857E529F8220200C24612 /* MenuItem.swift */ = {isa = PBXFileReference; lastKnownFileType = sourcecode.swift; path = MenuItem.swift; sourceTree = "<group>"; };
		DA53222429F5E1D200A51CD6 /* TitleRow.swift */ = {isa = PBXFileReference; lastKnownFileType = sourcecode.swift; path = TitleRow.swift; sourceTree = "<group>"; };
		DA53222629F5E1E300A51CD6 /* MessageBubble.swift */ = {isa = PBXFileReference; lastKnownFileType = sourcecode.swift; path = MessageBubble.swift; sourceTree = "<group>"; };
		DA53222829F5E1F100A51CD6 /* MessageField.swift */ = {isa = PBXFileReference; lastKnownFileType = sourcecode.swift; path = MessageField.swift; sourceTree = "<group>"; };
		DA53222A29F5E23000A51CD6 /* Message.swift */ = {isa = PBXFileReference; lastKnownFileType = sourcecode.swift; path = Message.swift; sourceTree = "<group>"; };
		DA53222C29F5E26100A51CD6 /* MessageViewModel.swift */ = {isa = PBXFileReference; lastKnownFileType = sourcecode.swift; path = MessageViewModel.swift; sourceTree = "<group>"; };
		DA53222E29F5E32D00A51CD6 /* MessengerDetailView.swift */ = {isa = PBXFileReference; lastKnownFileType = sourcecode.swift; path = MessengerDetailView.swift; sourceTree = "<group>"; };
		DA53223029F5E94300A51CD6 /* MessengerListView.swift */ = {isa = PBXFileReference; lastKnownFileType = sourcecode.swift; path = MessengerListView.swift; sourceTree = "<group>"; };
		DA53223429F5EEF400A51CD6 /* MessengerViewModel.swift */ = {isa = PBXFileReference; lastKnownFileType = sourcecode.swift; path = MessengerViewModel.swift; sourceTree = "<group>"; };
		DA53223629F6408F00A51CD6 /* WebView.swift */ = {isa = PBXFileReference; lastKnownFileType = sourcecode.swift; path = WebView.swift; sourceTree = "<group>"; };
		DA5FEA8829F0C7B400E13693 /* TapPlease!.app */ = {isa = PBXFileReference; explicitFileType = wrapper.application; includeInIndex = 0; path = "TapPlease!.app"; sourceTree = BUILT_PRODUCTS_DIR; };
		DA5FEA8B29F0C7B400E13693 /* TapPlease_App.swift */ = {isa = PBXFileReference; lastKnownFileType = sourcecode.swift; path = TapPlease_App.swift; sourceTree = "<group>"; };
		DA5FEA8D29F0C7B400E13693 /* EmailSignInView.swift */ = {isa = PBXFileReference; lastKnownFileType = sourcecode.swift; path = EmailSignInView.swift; sourceTree = "<group>"; };
		DA5FEA8F29F0C7B500E13693 /* Assets.xcassets */ = {isa = PBXFileReference; lastKnownFileType = folder.assetcatalog; path = Assets.xcassets; sourceTree = "<group>"; };
		DA5FEA9229F0C7B500E13693 /* Preview Assets.xcassets */ = {isa = PBXFileReference; lastKnownFileType = folder.assetcatalog; path = "Preview Assets.xcassets"; sourceTree = "<group>"; };
		DA5FEAAA29F0CA7500E13693 /* Photo.swift */ = {isa = PBXFileReference; lastKnownFileType = sourcecode.swift; path = Photo.swift; sourceTree = "<group>"; };
		DA5FEAAC29F0CA7F00E13693 /* Review.swift */ = {isa = PBXFileReference; lastKnownFileType = sourcecode.swift; path = Review.swift; sourceTree = "<group>"; };
		DA5FEAAE29F0CA9200E13693 /* MenuItemViewModel.swift */ = {isa = PBXFileReference; lastKnownFileType = sourcecode.swift; path = MenuItemViewModel.swift; sourceTree = "<group>"; };
		DA5FEAB029F0CAA100E13693 /* ReviewViewModel.swift */ = {isa = PBXFileReference; lastKnownFileType = sourcecode.swift; path = ReviewViewModel.swift; sourceTree = "<group>"; };
		DA5FEAB229F0CAB600E13693 /* MenuItemListView.swift */ = {isa = PBXFileReference; lastKnownFileType = sourcecode.swift; path = MenuItemListView.swift; sourceTree = "<group>"; };
		DA5FEAB429F0CAD500E13693 /* MenuItemDetailView.swift */ = {isa = PBXFileReference; lastKnownFileType = sourcecode.swift; path = MenuItemDetailView.swift; sourceTree = "<group>"; };
		DA5FEAB629F0CAE900E13693 /* ReviewView.swift */ = {isa = PBXFileReference; lastKnownFileType = sourcecode.swift; path = ReviewView.swift; sourceTree = "<group>"; };
		DA5FEAB829F0CAF900E13693 /* StarsSelectionView.swift */ = {isa = PBXFileReference; lastKnownFileType = sourcecode.swift; path = StarsSelectionView.swift; sourceTree = "<group>"; };
		DA5FEABA29F0CB2100E13693 /* ReviewRowView.swift */ = {isa = PBXFileReference; lastKnownFileType = sourcecode.swift; path = ReviewRowView.swift; sourceTree = "<group>"; };
		DA5FEAC129F0D1C800E13693 /* TapPlease--Info.plist */ = {isa = PBXFileReference; lastKnownFileType = text.plist; path = "TapPlease--Info.plist"; sourceTree = SOURCE_ROOT; };
		DA5FEAC229F0D37E00E13693 /* HomeView.swift */ = {isa = PBXFileReference; lastKnownFileType = sourcecode.swift; path = HomeView.swift; sourceTree = "<group>"; };
		DA5FEAC429F0DA8000E13693 /* MealRequest.swift */ = {isa = PBXFileReference; lastKnownFileType = sourcecode.swift; path = MealRequest.swift; sourceTree = "<group>"; };
		DA5FEAC629F0DC6800E13693 /* MealRequestListView.swift */ = {isa = PBXFileReference; lastKnownFileType = sourcecode.swift; path = MealRequestListView.swift; sourceTree = "<group>"; };
		DA5FEAC829F0DCD600E13693 /* MealRequestViewModel.swift */ = {isa = PBXFileReference; lastKnownFileType = sourcecode.swift; path = MealRequestViewModel.swift; sourceTree = "<group>"; };
		DA5FEACA29F0DEED00E13693 /* MealRequestDetailView.swift */ = {isa = PBXFileReference; lastKnownFileType = sourcecode.swift; path = MealRequestDetailView.swift; sourceTree = "<group>"; };
		DA80354429F73448007C3A09 /* ProfileView.swift */ = {isa = PBXFileReference; lastKnownFileType = sourcecode.swift; path = ProfileView.swift; sourceTree = "<group>"; };
/* End PBXFileReference section */

/* Begin PBXFrameworksBuildPhase section */
		DA5FEA8529F0C7B400E13693 /* Frameworks */ = {
			isa = PBXFrameworksBuildPhase;
			buildActionMask = 2147483647;
			files = (
				DA10F56829F96857006CEB41 /* FirebaseAnalytics in Frameworks */,
				DA5FEAA429F0C9FC00E13693 /* GoogleSignInSwift in Frameworks */,
				DA5FEA9B29F0C9AB00E13693 /* FirebaseAuth in Frameworks */,
				DA5FEAA229F0C9FC00E13693 /* GoogleSignIn in Frameworks */,
				DA10F56A29F96857006CEB41 /* FirebaseAnalyticsSwift in Frameworks */,
				DA5FEA9D29F0C9AB00E13693 /* FirebaseFirestore in Frameworks */,
				DA5FEA9F29F0C9AB00E13693 /* FirebaseFirestoreSwift in Frameworks */,
				DA5FEABE29F0CD3700E13693 /* FirebaseStorage in Frameworks */,
			);
			runOnlyForDeploymentPostprocessing = 0;
		};
/* End PBXFrameworksBuildPhase section */

/* Begin PBXGroup section */
		DA10F56129F8D073006CEB41 /* MealRequestViews */ = {
			isa = PBXGroup;
			children = (
				DA5FEAC629F0DC6800E13693 /* MealRequestListView.swift */,
				DA5FEACA29F0DEED00E13693 /* MealRequestDetailView.swift */,
			);
			path = MealRequestViews;
			sourceTree = "<group>";
		};
		DA10F56229F8D0A5006CEB41 /* MenuItemViews */ = {
			isa = PBXGroup;
			children = (
				DA5FEAB229F0CAB600E13693 /* MenuItemListView.swift */,
				DA5FEAB429F0CAD500E13693 /* MenuItemDetailView.swift */,
				DA53223629F6408F00A51CD6 /* WebView.swift */,
			);
			path = MenuItemViews;
			sourceTree = "<group>";
		};
		DA10F56329F8D0BC006CEB41 /* ReviewViews */ = {
			isa = PBXGroup;
			children = (
				DA5FEAB629F0CAE900E13693 /* ReviewView.swift */,
				DA5FEABA29F0CB2100E13693 /* ReviewRowView.swift */,
				DA5FEAB829F0CAF900E13693 /* StarsSelectionView.swift */,
			);
			path = ReviewViews;
			sourceTree = "<group>";
		};
		DA10F56629F8D3EC006CEB41 /* Managers */ = {
			isa = PBXGroup;
			children = (
				DA10F56429F8D3E7006CEB41 /* UserManager.swift */,
				DA10F56E29F97654006CEB41 /* AuthenticationManager.swift */,
				DA10F57829F98AD5006CEB41 /* StorageManager.swift */,
				DA10F57029F98239006CEB41 /* SignInWithGoogle.swift */,
				DA10F57229F9871A006CEB41 /* Utilities.swift */,
			);
			path = Managers;
			sourceTree = "<group>";
		};
		DA10F56D29F974D2006CEB41 /* AuthViews */ = {
			isa = PBXGroup;
			children = (
				DA10F56B29F96938006CEB41 /* AuthenticationView.swift */,
				DA5FEA8D29F0C7B400E13693 /* EmailSignInView.swift */,
			);
			path = AuthViews;
			sourceTree = "<group>";
		};
		DA10F58029F9D916006CEB41 /* ProfileViews */ = {
			isa = PBXGroup;
			children = (
				DA80354429F73448007C3A09 /* ProfileView.swift */,
				DA10F57A29F98B77006CEB41 /* EditProfileView.swift */,
			);
			path = ProfileViews;
			sourceTree = "<group>";
		};
		DA53222329F5E19700A51CD6 /* MessengerViews */ = {
			isa = PBXGroup;
			children = (
				DA53223029F5E94300A51CD6 /* MessengerListView.swift */,
				DA53222E29F5E32D00A51CD6 /* MessengerDetailView.swift */,
				DA53222429F5E1D200A51CD6 /* TitleRow.swift */,
				DA53222629F5E1E300A51CD6 /* MessageBubble.swift */,
				DA53222829F5E1F100A51CD6 /* MessageField.swift */,
			);
			path = MessengerViews;
			sourceTree = "<group>";
		};
		DA5FEA7F29F0C7B400E13693 = {
			isa = PBXGroup;
			children = (
				DA5FEA8A29F0C7B400E13693 /* TapPlease! */,
				DA5FEA8929F0C7B400E13693 /* Products */,
				DA5FEABC29F0CD3700E13693 /* Frameworks */,
			);
			sourceTree = "<group>";
		};
		DA5FEA8929F0C7B400E13693 /* Products */ = {
			isa = PBXGroup;
			children = (
				DA5FEA8829F0C7B400E13693 /* TapPlease!.app */,
			);
			name = Products;
			sourceTree = "<group>";
		};
		DA5FEA8A29F0C7B400E13693 /* TapPlease! */ = {
			isa = PBXGroup;
			children = (
				DA5FEAC129F0D1C800E13693 /* TapPlease--Info.plist */,
				DA5FEA8B29F0C7B400E13693 /* TapPlease_App.swift */,
				DA10F56629F8D3EC006CEB41 /* Managers */,
				DA5FEAA529F0CA3100E13693 /* Models */,
				DA5FEAA629F0CA3D00E13693 /* ViewModels */,
				DA5FEAA729F0CA4F00E13693 /* Views */,
				DA5FEA8F29F0C7B500E13693 /* Assets.xcassets */,
				DA10F57E29F9CE0A006CEB41 /* GoogleService-Info.plist */,
				DA5FEA9129F0C7B500E13693 /* Preview Content */,
			);
			path = "TapPlease!";
			sourceTree = "<group>";
		};
		DA5FEA9129F0C7B500E13693 /* Preview Content */ = {
			isa = PBXGroup;
			children = (
				DA5FEA9229F0C7B500E13693 /* Preview Assets.xcassets */,
			);
			path = "Preview Content";
			sourceTree = "<group>";
		};
		DA5FEAA529F0CA3100E13693 /* Models */ = {
			isa = PBXGroup;
			children = (
				DA3857E529F8220200C24612 /* MenuItem.swift */,
				DA5FEAAA29F0CA7500E13693 /* Photo.swift */,
				DA5FEAAC29F0CA7F00E13693 /* Review.swift */,
				DA5FEAC429F0DA8000E13693 /* MealRequest.swift */,
				DA53222A29F5E23000A51CD6 /* Message.swift */,
				DA3857E329F8219A00C24612 /* Messenger.swift */,
			);
			path = Models;
			sourceTree = "<group>";
		};
		DA5FEAA629F0CA3D00E13693 /* ViewModels */ = {
			isa = PBXGroup;
			children = (
				DA5FEAAE29F0CA9200E13693 /* MenuItemViewModel.swift */,
				DA5FEAC829F0DCD600E13693 /* MealRequestViewModel.swift */,
				DA5FEAB029F0CAA100E13693 /* ReviewViewModel.swift */,
				DA53223429F5EEF400A51CD6 /* MessengerViewModel.swift */,
				DA53222C29F5E26100A51CD6 /* MessageViewModel.swift */,
				DA10F57429F98807006CEB41 /* ProfileViewModel.swift */,
			);
			path = ViewModels;
			sourceTree = "<group>";
		};
		DA5FEAA729F0CA4F00E13693 /* Views */ = {
			isa = PBXGroup;
			children = (
				DA10F57629F988BF006CEB41 /* RootView.swift */,
				DA5FEAC229F0D37E00E13693 /* HomeView.swift */,
				DA10F58029F9D916006CEB41 /* ProfileViews */,
				DA10F56D29F974D2006CEB41 /* AuthViews */,
				DA10F56229F8D0A5006CEB41 /* MenuItemViews */,
				DA10F56129F8D073006CEB41 /* MealRequestViews */,
				DA10F56329F8D0BC006CEB41 /* ReviewViews */,
				DA53222329F5E19700A51CD6 /* MessengerViews */,
			);
			path = Views;
			sourceTree = "<group>";
		};
		DA5FEABC29F0CD3700E13693 /* Frameworks */ = {
			isa = PBXGroup;
			children = (
			);
			name = Frameworks;
			sourceTree = "<group>";
		};
/* End PBXGroup section */

/* Begin PBXNativeTarget section */
		DA5FEA8729F0C7B400E13693 /* TapPlease! */ = {
			isa = PBXNativeTarget;
			buildConfigurationList = DA5FEA9629F0C7B500E13693 /* Build configuration list for PBXNativeTarget "TapPlease!" */;
			buildPhases = (
				DA5FEA8429F0C7B400E13693 /* Sources */,
				DA5FEA8529F0C7B400E13693 /* Frameworks */,
				DA5FEA8629F0C7B400E13693 /* Resources */,
			);
			buildRules = (
			);
			dependencies = (
			);
			name = "TapPlease!";
			packageProductDependencies = (
				DA5FEA9A29F0C9AB00E13693 /* FirebaseAuth */,
				DA5FEA9C29F0C9AB00E13693 /* FirebaseFirestore */,
				DA5FEA9E29F0C9AB00E13693 /* FirebaseFirestoreSwift */,
				DA5FEAA129F0C9FC00E13693 /* GoogleSignIn */,
				DA5FEAA329F0C9FC00E13693 /* GoogleSignInSwift */,
				DA5FEABD29F0CD3700E13693 /* FirebaseStorage */,
				DA10F56729F96857006CEB41 /* FirebaseAnalytics */,
				DA10F56929F96857006CEB41 /* FirebaseAnalyticsSwift */,
			);
			productName = "TapPlease!";
			productReference = DA5FEA8829F0C7B400E13693 /* TapPlease!.app */;
			productType = "com.apple.product-type.application";
		};
/* End PBXNativeTarget section */

/* Begin PBXProject section */
		DA5FEA8029F0C7B400E13693 /* Project object */ = {
			isa = PBXProject;
			attributes = {
				BuildIndependentTargetsInParallel = 1;
				LastSwiftUpdateCheck = 1430;
				LastUpgradeCheck = 1430;
				TargetAttributes = {
					DA5FEA8729F0C7B400E13693 = {
						CreatedOnToolsVersion = 14.3;
					};
				};
			};
			buildConfigurationList = DA5FEA8329F0C7B400E13693 /* Build configuration list for PBXProject "TapPlease!" */;
			compatibilityVersion = "Xcode 14.0";
			developmentRegion = en;
			hasScannedForEncodings = 0;
			knownRegions = (
				en,
				Base,
			);
			mainGroup = DA5FEA7F29F0C7B400E13693;
			packageReferences = (
				DA5FEA9929F0C9AB00E13693 /* XCRemoteSwiftPackageReference "firebase-ios-sdk" */,
				DA5FEAA029F0C9FC00E13693 /* XCRemoteSwiftPackageReference "GoogleSignIn-iOS" */,
			);
			productRefGroup = DA5FEA8929F0C7B400E13693 /* Products */;
			projectDirPath = "";
			projectRoot = "";
			targets = (
				DA5FEA8729F0C7B400E13693 /* TapPlease! */,
			);
		};
/* End PBXProject section */

/* Begin PBXResourcesBuildPhase section */
		DA5FEA8629F0C7B400E13693 /* Resources */ = {
			isa = PBXResourcesBuildPhase;
			buildActionMask = 2147483647;
			files = (
				DA5FEA9329F0C7B500E13693 /* Preview Assets.xcassets in Resources */,
				DA5FEA9029F0C7B500E13693 /* Assets.xcassets in Resources */,
				DA10F57F29F9CE0A006CEB41 /* GoogleService-Info.plist in Resources */,
			);
			runOnlyForDeploymentPostprocessing = 0;
		};
/* End PBXResourcesBuildPhase section */

/* Begin PBXSourcesBuildPhase section */
		DA5FEA8429F0C7B400E13693 /* Sources */ = {
			isa = PBXSourcesBuildPhase;
			buildActionMask = 2147483647;
			files = (
				DA53222D29F5E26100A51CD6 /* MessageViewModel.swift in Sources */,
				DA10F57729F988BF006CEB41 /* RootView.swift in Sources */,
				DA5FEAC529F0DA8000E13693 /* MealRequest.swift in Sources */,
				DA5FEAC729F0DC6800E13693 /* MealRequestListView.swift in Sources */,
				DA53222929F5E1F100A51CD6 /* MessageField.swift in Sources */,
				DA53223129F5E94300A51CD6 /* MessengerListView.swift in Sources */,
				DA5FEAB729F0CAE900E13693 /* ReviewView.swift in Sources */,
				DA5FEAAD29F0CA7F00E13693 /* Review.swift in Sources */,
				DA10F57929F98AD5006CEB41 /* StorageManager.swift in Sources */,
				DA5FEAC329F0D37E00E13693 /* HomeView.swift in Sources */,
				DA53222B29F5E23000A51CD6 /* Message.swift in Sources */,
				DA10F57B29F98B77006CEB41 /* EditProfileView.swift in Sources */,
				DA5FEAAB29F0CA7500E13693 /* Photo.swift in Sources */,
				DA5FEABB29F0CB2100E13693 /* ReviewRowView.swift in Sources */,
				DA5FEAB929F0CAF900E13693 /* StarsSelectionView.swift in Sources */,
				DA10F56C29F96938006CEB41 /* AuthenticationView.swift in Sources */,
				DA5FEAB529F0CAD500E13693 /* MenuItemDetailView.swift in Sources */,
				DA5FEAC929F0DCD600E13693 /* MealRequestViewModel.swift in Sources */,
				DA5FEAB129F0CAA100E13693 /* ReviewViewModel.swift in Sources */,
				DA53222729F5E1E300A51CD6 /* MessageBubble.swift in Sources */,
				DA5FEAB329F0CAB600E13693 /* MenuItemListView.swift in Sources */,
				DA80354529F73448007C3A09 /* ProfileView.swift in Sources */,
				DA53223529F5EEF400A51CD6 /* MessengerViewModel.swift in Sources */,
				DA5FEA8E29F0C7B400E13693 /* EmailSignInView.swift in Sources */,
				DA10F57329F9871A006CEB41 /* Utilities.swift in Sources */,
				DA53222F29F5E32D00A51CD6 /* MessengerDetailView.swift in Sources */,
				DA10F56F29F97654006CEB41 /* AuthenticationManager.swift in Sources */,
				DA10F56529F8D3E7006CEB41 /* UserManager.swift in Sources */,
				DA10F57129F98239006CEB41 /* SignInWithGoogle.swift in Sources */,
				DA3857E629F8220200C24612 /* MenuItem.swift in Sources */,
				DA5FEACB29F0DEED00E13693 /* MealRequestDetailView.swift in Sources */,
				DA10F57529F98807006CEB41 /* ProfileViewModel.swift in Sources */,
				DA5FEAAF29F0CA9200E13693 /* MenuItemViewModel.swift in Sources */,
				DA53223729F6408F00A51CD6 /* WebView.swift in Sources */,
				DA5FEA8C29F0C7B400E13693 /* TapPlease_App.swift in Sources */,
				DA53222529F5E1D200A51CD6 /* TitleRow.swift in Sources */,
				DA3857E429F8219A00C24612 /* Messenger.swift in Sources */,
			);
			runOnlyForDeploymentPostprocessing = 0;
		};
/* End PBXSourcesBuildPhase section */

/* Begin XCBuildConfiguration section */
		DA5FEA9429F0C7B500E13693 /* Debug */ = {
			isa = XCBuildConfiguration;
			buildSettings = {
				ALWAYS_SEARCH_USER_PATHS = NO;
				CLANG_ANALYZER_NONNULL = YES;
				CLANG_ANALYZER_NUMBER_OBJECT_CONVERSION = YES_AGGRESSIVE;
				CLANG_CXX_LANGUAGE_STANDARD = "gnu++20";
				CLANG_ENABLE_MODULES = YES;
				CLANG_ENABLE_OBJC_ARC = YES;
				CLANG_ENABLE_OBJC_WEAK = YES;
				CLANG_WARN_BLOCK_CAPTURE_AUTORELEASING = YES;
				CLANG_WARN_BOOL_CONVERSION = YES;
				CLANG_WARN_COMMA = YES;
				CLANG_WARN_CONSTANT_CONVERSION = YES;
				CLANG_WARN_DEPRECATED_OBJC_IMPLEMENTATIONS = YES;
				CLANG_WARN_DIRECT_OBJC_ISA_USAGE = YES_ERROR;
				CLANG_WARN_DOCUMENTATION_COMMENTS = YES;
				CLANG_WARN_EMPTY_BODY = YES;
				CLANG_WARN_ENUM_CONVERSION = YES;
				CLANG_WARN_INFINITE_RECURSION = YES;
				CLANG_WARN_INT_CONVERSION = YES;
				CLANG_WARN_NON_LITERAL_NULL_CONVERSION = YES;
				CLANG_WARN_OBJC_IMPLICIT_RETAIN_SELF = YES;
				CLANG_WARN_OBJC_LITERAL_CONVERSION = YES;
				CLANG_WARN_OBJC_ROOT_CLASS = YES_ERROR;
				CLANG_WARN_QUOTED_INCLUDE_IN_FRAMEWORK_HEADER = YES;
				CLANG_WARN_RANGE_LOOP_ANALYSIS = YES;
				CLANG_WARN_STRICT_PROTOTYPES = YES;
				CLANG_WARN_SUSPICIOUS_MOVE = YES;
				CLANG_WARN_UNGUARDED_AVAILABILITY = YES_AGGRESSIVE;
				CLANG_WARN_UNREACHABLE_CODE = YES;
				CLANG_WARN__DUPLICATE_METHOD_MATCH = YES;
				COPY_PHASE_STRIP = NO;
				DEBUG_INFORMATION_FORMAT = dwarf;
				ENABLE_STRICT_OBJC_MSGSEND = YES;
				ENABLE_TESTABILITY = YES;
				GCC_C_LANGUAGE_STANDARD = gnu11;
				GCC_DYNAMIC_NO_PIC = NO;
				GCC_NO_COMMON_BLOCKS = YES;
				GCC_OPTIMIZATION_LEVEL = 0;
				GCC_PREPROCESSOR_DEFINITIONS = (
					"DEBUG=1",
					"$(inherited)",
				);
				GCC_WARN_64_TO_32_BIT_CONVERSION = YES;
				GCC_WARN_ABOUT_RETURN_TYPE = YES_ERROR;
				GCC_WARN_UNDECLARED_SELECTOR = YES;
				GCC_WARN_UNINITIALIZED_AUTOS = YES_AGGRESSIVE;
				GCC_WARN_UNUSED_FUNCTION = YES;
				GCC_WARN_UNUSED_VARIABLE = YES;
				IPHONEOS_DEPLOYMENT_TARGET = 16.4;
				MTL_ENABLE_DEBUG_INFO = INCLUDE_SOURCE;
				MTL_FAST_MATH = YES;
				ONLY_ACTIVE_ARCH = YES;
				SDKROOT = iphoneos;
				SWIFT_ACTIVE_COMPILATION_CONDITIONS = DEBUG;
				SWIFT_OPTIMIZATION_LEVEL = "-Onone";
			};
			name = Debug;
		};
		DA5FEA9529F0C7B500E13693 /* Release */ = {
			isa = XCBuildConfiguration;
			buildSettings = {
				ALWAYS_SEARCH_USER_PATHS = NO;
				CLANG_ANALYZER_NONNULL = YES;
				CLANG_ANALYZER_NUMBER_OBJECT_CONVERSION = YES_AGGRESSIVE;
				CLANG_CXX_LANGUAGE_STANDARD = "gnu++20";
				CLANG_ENABLE_MODULES = YES;
				CLANG_ENABLE_OBJC_ARC = YES;
				CLANG_ENABLE_OBJC_WEAK = YES;
				CLANG_WARN_BLOCK_CAPTURE_AUTORELEASING = YES;
				CLANG_WARN_BOOL_CONVERSION = YES;
				CLANG_WARN_COMMA = YES;
				CLANG_WARN_CONSTANT_CONVERSION = YES;
				CLANG_WARN_DEPRECATED_OBJC_IMPLEMENTATIONS = YES;
				CLANG_WARN_DIRECT_OBJC_ISA_USAGE = YES_ERROR;
				CLANG_WARN_DOCUMENTATION_COMMENTS = YES;
				CLANG_WARN_EMPTY_BODY = YES;
				CLANG_WARN_ENUM_CONVERSION = YES;
				CLANG_WARN_INFINITE_RECURSION = YES;
				CLANG_WARN_INT_CONVERSION = YES;
				CLANG_WARN_NON_LITERAL_NULL_CONVERSION = YES;
				CLANG_WARN_OBJC_IMPLICIT_RETAIN_SELF = YES;
				CLANG_WARN_OBJC_LITERAL_CONVERSION = YES;
				CLANG_WARN_OBJC_ROOT_CLASS = YES_ERROR;
				CLANG_WARN_QUOTED_INCLUDE_IN_FRAMEWORK_HEADER = YES;
				CLANG_WARN_RANGE_LOOP_ANALYSIS = YES;
				CLANG_WARN_STRICT_PROTOTYPES = YES;
				CLANG_WARN_SUSPICIOUS_MOVE = YES;
				CLANG_WARN_UNGUARDED_AVAILABILITY = YES_AGGRESSIVE;
				CLANG_WARN_UNREACHABLE_CODE = YES;
				CLANG_WARN__DUPLICATE_METHOD_MATCH = YES;
				COPY_PHASE_STRIP = NO;
				DEBUG_INFORMATION_FORMAT = "dwarf-with-dsym";
				ENABLE_NS_ASSERTIONS = NO;
				ENABLE_STRICT_OBJC_MSGSEND = YES;
				GCC_C_LANGUAGE_STANDARD = gnu11;
				GCC_NO_COMMON_BLOCKS = YES;
				GCC_WARN_64_TO_32_BIT_CONVERSION = YES;
				GCC_WARN_ABOUT_RETURN_TYPE = YES_ERROR;
				GCC_WARN_UNDECLARED_SELECTOR = YES;
				GCC_WARN_UNINITIALIZED_AUTOS = YES_AGGRESSIVE;
				GCC_WARN_UNUSED_FUNCTION = YES;
				GCC_WARN_UNUSED_VARIABLE = YES;
				IPHONEOS_DEPLOYMENT_TARGET = 16.4;
				MTL_ENABLE_DEBUG_INFO = NO;
				MTL_FAST_MATH = YES;
				SDKROOT = iphoneos;
				SWIFT_COMPILATION_MODE = wholemodule;
				SWIFT_OPTIMIZATION_LEVEL = "-O";
				VALIDATE_PRODUCT = YES;
			};
			name = Release;
		};
		DA5FEA9729F0C7B500E13693 /* Debug */ = {
			isa = XCBuildConfiguration;
			buildSettings = {
				ASSETCATALOG_COMPILER_APPICON_NAME = AppIcon;
				ASSETCATALOG_COMPILER_GLOBAL_ACCENT_COLOR_NAME = AccentColor;
				CODE_SIGN_STYLE = Automatic;
				CURRENT_PROJECT_VERSION = 1;
				DEVELOPMENT_ASSET_PATHS = "\"TapPlease!/Preview Content\"";
				DEVELOPMENT_TEAM = W984NP2NJR;
				ENABLE_PREVIEWS = YES;
				GENERATE_INFOPLIST_FILE = YES;
				INFOPLIST_FILE = "TapPlease--Info.plist";
				INFOPLIST_KEY_UIApplicationSceneManifest_Generation = YES;
				INFOPLIST_KEY_UIApplicationSupportsIndirectInputEvents = YES;
				INFOPLIST_KEY_UISupportedInterfaceOrientations_iPad = "UIInterfaceOrientationPortrait UIInterfaceOrientationPortraitUpsideDown UIInterfaceOrientationLandscapeLeft UIInterfaceOrientationLandscapeRight";
				INFOPLIST_KEY_UISupportedInterfaceOrientations_iPhone = "UIInterfaceOrientationPortrait UIInterfaceOrientationLandscapeLeft UIInterfaceOrientationLandscapeRight";
				LD_RUNPATH_SEARCH_PATHS = (
					"$(inherited)",
					"@executable_path/Frameworks",
				);
				MARKETING_VERSION = 1.0;
				PRODUCT_BUNDLE_IDENTIFIER = "com.sigety.TapPlease-";
				PRODUCT_NAME = "$(TARGET_NAME)";
				SWIFT_EMIT_LOC_STRINGS = YES;
				SWIFT_VERSION = 5.0;
				TARGETED_DEVICE_FAMILY = "1,2";
			};
			name = Debug;
		};
		DA5FEA9829F0C7B500E13693 /* Release */ = {
			isa = XCBuildConfiguration;
			buildSettings = {
				ASSETCATALOG_COMPILER_APPICON_NAME = AppIcon;
				ASSETCATALOG_COMPILER_GLOBAL_ACCENT_COLOR_NAME = AccentColor;
				CODE_SIGN_STYLE = Automatic;
				CURRENT_PROJECT_VERSION = 1;
				DEVELOPMENT_ASSET_PATHS = "\"TapPlease!/Preview Content\"";
				DEVELOPMENT_TEAM = W984NP2NJR;
				ENABLE_PREVIEWS = YES;
				GENERATE_INFOPLIST_FILE = YES;
				INFOPLIST_FILE = "TapPlease--Info.plist";
				INFOPLIST_KEY_UIApplicationSceneManifest_Generation = YES;
				INFOPLIST_KEY_UIApplicationSupportsIndirectInputEvents = YES;
				INFOPLIST_KEY_UISupportedInterfaceOrientations_iPad = "UIInterfaceOrientationPortrait UIInterfaceOrientationPortraitUpsideDown UIInterfaceOrientationLandscapeLeft UIInterfaceOrientationLandscapeRight";
				INFOPLIST_KEY_UISupportedInterfaceOrientations_iPhone = "UIInterfaceOrientationPortrait UIInterfaceOrientationLandscapeLeft UIInterfaceOrientationLandscapeRight";
				LD_RUNPATH_SEARCH_PATHS = (
					"$(inherited)",
					"@executable_path/Frameworks",
				);
				MARKETING_VERSION = 1.0;
				PRODUCT_BUNDLE_IDENTIFIER = "com.sigety.TapPlease-";
				PRODUCT_NAME = "$(TARGET_NAME)";
				SWIFT_EMIT_LOC_STRINGS = YES;
				SWIFT_VERSION = 5.0;
				TARGETED_DEVICE_FAMILY = "1,2";
			};
			name = Release;
		};
/* End XCBuildConfiguration section */

/* Begin XCConfigurationList section */
		DA5FEA8329F0C7B400E13693 /* Build configuration list for PBXProject "TapPlease!" */ = {
			isa = XCConfigurationList;
			buildConfigurations = (
				DA5FEA9429F0C7B500E13693 /* Debug */,
				DA5FEA9529F0C7B500E13693 /* Release */,
			);
			defaultConfigurationIsVisible = 0;
			defaultConfigurationName = Release;
		};
		DA5FEA9629F0C7B500E13693 /* Build configuration list for PBXNativeTarget "TapPlease!" */ = {
			isa = XCConfigurationList;
			buildConfigurations = (
				DA5FEA9729F0C7B500E13693 /* Debug */,
				DA5FEA9829F0C7B500E13693 /* Release */,
			);
			defaultConfigurationIsVisible = 0;
			defaultConfigurationName = Release;
		};
/* End XCConfigurationList section */

/* Begin XCRemoteSwiftPackageReference section */
		DA5FEA9929F0C9AB00E13693 /* XCRemoteSwiftPackageReference "firebase-ios-sdk" */ = {
			isa = XCRemoteSwiftPackageReference;
			repositoryURL = "https://github.com/firebase/firebase-ios-sdk.git";
			requirement = {
				kind = upToNextMajorVersion;
				minimumVersion = 10.0.0;
			};
		};
		DA5FEAA029F0C9FC00E13693 /* XCRemoteSwiftPackageReference "GoogleSignIn-iOS" */ = {
			isa = XCRemoteSwiftPackageReference;
			repositoryURL = "https://github.com/google/GoogleSignIn-iOS";
			requirement = {
				kind = upToNextMajorVersion;
				minimumVersion = 7.0.0;
			};
		};
/* End XCRemoteSwiftPackageReference section */

/* Begin XCSwiftPackageProductDependency section */
		DA10F56729F96857006CEB41 /* FirebaseAnalytics */ = {
			isa = XCSwiftPackageProductDependency;
			package = DA5FEA9929F0C9AB00E13693 /* XCRemoteSwiftPackageReference "firebase-ios-sdk" */;
			productName = FirebaseAnalytics;
		};
		DA10F56929F96857006CEB41 /* FirebaseAnalyticsSwift */ = {
			isa = XCSwiftPackageProductDependency;
			package = DA5FEA9929F0C9AB00E13693 /* XCRemoteSwiftPackageReference "firebase-ios-sdk" */;
			productName = FirebaseAnalyticsSwift;
		};
		DA5FEA9A29F0C9AB00E13693 /* FirebaseAuth */ = {
			isa = XCSwiftPackageProductDependency;
			package = DA5FEA9929F0C9AB00E13693 /* XCRemoteSwiftPackageReference "firebase-ios-sdk" */;
			productName = FirebaseAuth;
		};
		DA5FEA9C29F0C9AB00E13693 /* FirebaseFirestore */ = {
			isa = XCSwiftPackageProductDependency;
			package = DA5FEA9929F0C9AB00E13693 /* XCRemoteSwiftPackageReference "firebase-ios-sdk" */;
			productName = FirebaseFirestore;
		};
		DA5FEA9E29F0C9AB00E13693 /* FirebaseFirestoreSwift */ = {
			isa = XCSwiftPackageProductDependency;
			package = DA5FEA9929F0C9AB00E13693 /* XCRemoteSwiftPackageReference "firebase-ios-sdk" */;
			productName = FirebaseFirestoreSwift;
		};
		DA5FEAA129F0C9FC00E13693 /* GoogleSignIn */ = {
			isa = XCSwiftPackageProductDependency;
			package = DA5FEAA029F0C9FC00E13693 /* XCRemoteSwiftPackageReference "GoogleSignIn-iOS" */;
			productName = GoogleSignIn;
		};
		DA5FEAA329F0C9FC00E13693 /* GoogleSignInSwift */ = {
			isa = XCSwiftPackageProductDependency;
			package = DA5FEAA029F0C9FC00E13693 /* XCRemoteSwiftPackageReference "GoogleSignIn-iOS" */;
			productName = GoogleSignInSwift;
		};
		DA5FEABD29F0CD3700E13693 /* FirebaseStorage */ = {
			isa = XCSwiftPackageProductDependency;
			package = DA5FEA9929F0C9AB00E13693 /* XCRemoteSwiftPackageReference "firebase-ios-sdk" */;
			productName = FirebaseStorage;
		};
/* End XCSwiftPackageProductDependency section */
	};
	rootObject = DA5FEA8029F0C7B400E13693 /* Project object */;
}
